{
  "name": "gates",
  "version": "1.0.0",
  "lockfileVersion": 1,
  "requires": true,
  "dependencies": {
    "@types/jquery": {
      "version": "3.3.31",
      "resolved": "https://registry.npmjs.org/@types/jquery/-/jquery-3.3.31.tgz",
      "integrity": "sha512-Lz4BAJihoFw5nRzKvg4nawXPzutkv7wmfQ5121avptaSIXlDNJCUuxZxX/G+9EVidZGuO0UBlk+YjKbwRKJigg==",
      "requires": {
        "@types/sizzle": "*"
      }
    },
    "@types/mina": {
      "version": "0.4.1",
      "resolved": "https://registry.npmjs.org/@types/mina/-/mina-0.4.1.tgz",
      "integrity": "sha512-7iXlwgI5nbW7Jbg3Yui9ZQbaoV4ftq8c/2vI9cntPcqz5jRedPoL5yYk4uDxBSWsCtA8H9JEJgNLwSBL6K7dZQ=="
    },
    "@types/sizzle": {
      "version": "2.3.2",
      "resolved": "https://registry.npmjs.org/@types/sizzle/-/sizzle-2.3.2.tgz",
      "integrity": "sha512-7EJYyKTL7tFR8+gDbB6Wwz/arpGa0Mywk1TJbNzKzHtzbwVmY4HR9WqS5VV7dsBUKQmPNr192jHr/VpBluj/hg=="
    },
    "@types/snapsvg": {
      "version": "0.5.0",
      "resolved": "https://registry.npmjs.org/@types/snapsvg/-/snapsvg-0.5.0.tgz",
      "integrity": "sha512-epmNLxsCGYvg1tSodnZo5bGJ24KD0hYnALXBhr1m0k1vcMYxjEx2PETlYrrGREzGvRQnDg850DhOtghRtoDVtg==",
      "requires": {
        "@types/mina": "*"
      }
    },
    "@types/svg.js": {
      "version": "2.3.1",
      "resolved": "https://registry.npmjs.org/@types/svg.js/-/svg.js-2.3.1.tgz",
      "integrity": "sha1-T43R+hAwo2YlmIjv0P7buJd2SrQ=",
      "requires": {
        "svg.js": "*"
      }
    },
    "eve": {
      "version": "0.5.4",
      "resolved": "https://registry.npmjs.org/eve/-/eve-0.5.4.tgz",
      "integrity": "sha1-Z9CAuXJSkdfjieNMJoYN2X8d66o="
    },
    "jquery": {
      "version": "3.5.0",
      "resolved": "https://registry.npmjs.org/jquery/-/jquery-3.5.0.tgz",
      "integrity": "sha512-Xb7SVYMvygPxbFMpTFQiHh1J7HClEaThguL15N/Gg37Lri/qKyhRGZYzHRyLH8Stq3Aow0LsHO2O2ci86fCrNQ=="
    },
    "snapsvg": {
      "version": "0.5.1",
      "resolved": "https://registry.npmjs.org/snapsvg/-/snapsvg-0.5.1.tgz",
      "integrity": "sha1-DK9Sx5GJopB0b8RGzF6GP2vd3+M=",
      "requires": {
        "eve": "~0.5.1"
      }
    },
    "svg.js": {
      "version": "2.7.1",
      "resolved": "https://registry.npmjs.org/svg.js/-/svg.js-2.7.1.tgz",
      "integrity": "sha512-ycbxpizEQktk3FYvn/8BH+6/EuWXg7ZpQREJvgacqn46gIddG24tNNe4Son6omdXCnSOaApnpZw6MPCBA1dODA=="
    }
  }
}
